// !$*UTF8*$!
{
	archiveVersion = 1;
	classes = {
	};
	objectVersion = 56;
	objects = {

/* Begin PBXBuildFile section */
		42ED87E92D40A247008B29E0 /* AppDelegate.swift in Sources */ = {isa = PBXBuildFile; fileRef = 42ED87E82D40A247008B29E0 /* AppDelegate.swift */; };
		42ED87EB2D40A247008B29E0 /* SceneDelegate.swift in Sources */ = {isa = PBXBuildFile; fileRef = 42ED87EA2D40A247008B29E0 /* SceneDelegate.swift */; };
		42ED87ED2D40A247008B29E0 /* ViewController.swift in Sources */ = {isa = PBXBuildFile; fileRef = 42ED87EC2D40A247008B29E0 /* ViewController.swift */; };
		42ED87F02D40A247008B29E0 /* Main.storyboard in Resources */ = {isa = PBXBuildFile; fileRef = 42ED87EE2D40A247008B29E0 /* Main.storyboard */; };
		42ED87F22D40A24A008B29E0 /* Assets.xcassets in Resources */ = {isa = PBXBuildFile; fileRef = 42ED87F12D40A24A008B29E0 /* Assets.xcassets */; };
		42ED87F52D40A24A008B29E0 /* LaunchScreen.storyboard in Resources */ = {isa = PBXBuildFile; fileRef = 42ED87F32D40A24A008B29E0 /* LaunchScreen.storyboard */; };
		42ED88002D40A24A008B29E0 /* OmkarChougule_Demo_PortfolioTests.swift in Sources */ = {isa = PBXBuildFile; fileRef = 42ED87FF2D40A24A008B29E0 /* OmkarChougule_Demo_PortfolioTests.swift */; };
		42ED880A2D40A24A008B29E0 /* OmkarChougule_Demo_PortfolioUITests.swift in Sources */ = {isa = PBXBuildFile; fileRef = 42ED88092D40A24A008B29E0 /* OmkarChougule_Demo_PortfolioUITests.swift */; };
		42ED880C2D40A24A008B29E0 /* OmkarChougule_Demo_PortfolioUITestsLaunchTests.swift in Sources */ = {isa = PBXBuildFile; fileRef = 42ED880B2D40A24A008B29E0 /* OmkarChougule_Demo_PortfolioUITestsLaunchTests.swift */; };
/* End PBXBuildFile section */

/* Begin PBXContainerItemProxy section */
		42ED87FC2D40A24A008B29E0 /* PBXContainerItemProxy */ = {
			isa = PBXContainerItemProxy;
			containerPortal = 42ED87DD2D40A247008B29E0 /* Project object */;
			proxyType = 1;
			remoteGlobalIDString = 42ED87E42D40A247008B29E0;
			remoteInfo = OmkarChougule_Demo_Portfolio;
		};
		42ED88062D40A24A008B29E0 /* PBXContainerItemProxy */ = {
			isa = PBXContainerItemProxy;
			containerPortal = 42ED87DD2D40A247008B29E0 /* Project object */;
			proxyType = 1;
			remoteGlobalIDString = 42ED87E42D40A247008B29E0;
			remoteInfo = OmkarChougule_Demo_Portfolio;
		};
/* End PBXContainerItemProxy section */

/* Begin PBXFileReference section */
		42ED87E52D40A247008B29E0 /* OmkarChougule_Demo_Portfolio.app */ = {isa = PBXFileReference; explicitFileType = wrapper.application; includeInIndex = 0; path = OmkarChougule_Demo_Portfolio.app; sourceTree = BUILT_PRODUCTS_DIR; };
		42ED87E82D40A247008B29E0 /* AppDelegate.swift */ = {isa = PBXFileReference; lastKnownFileType = sourcecode.swift; path = AppDelegate.swift; sourceTree = "<group>"; };
		42ED87EA2D40A247008B29E0 /* SceneDelegate.swift */ = {isa = PBXFileReference; lastKnownFileType = sourcecode.swift; path = SceneDelegate.swift; sourceTree = "<group>"; };
		42ED87EC2D40A247008B29E0 /* ViewController.swift */ = {isa = PBXFileReference; lastKnownFileType = sourcecode.swift; path = ViewController.swift; sourceTree = "<group>"; };
		42ED87EF2D40A247008B29E0 /* Base */ = {isa = PBXFileReference; lastKnownFileType = file.storyboard; name = Base; path = Base.lproj/Main.storyboard; sourceTree = "<group>"; };
		42ED87F12D40A24A008B29E0 /* Assets.xcassets */ = {isa = PBXFileReference; lastKnownFileType = folder.assetcatalog; path = Assets.xcassets; sourceTree = "<group>"; };
		42ED87F42D40A24A008B29E0 /* Base */ = {isa = PBXFileReference; lastKnownFileType = file.storyboard; name = Base; path = Base.lproj/LaunchScreen.storyboard; sourceTree = "<group>"; };
		42ED87F62D40A24A008B29E0 /* Info.plist */ = {isa = PBXFileReference; lastKnownFileType = text.plist.xml; path = Info.plist; sourceTree = "<group>"; };
		42ED87FB2D40A24A008B29E0 /* OmkarChougule_Demo_PortfolioTests.xctest */ = {isa = PBXFileReference; explicitFileType = wrapper.cfbundle; includeInIndex = 0; path = OmkarChougule_Demo_PortfolioTests.xctest; sourceTree = BUILT_PRODUCTS_DIR; };
		42ED87FF2D40A24A008B29E0 /* OmkarChougule_Demo_PortfolioTests.swift */ = {isa = PBXFileReference; lastKnownFileType = sourcecode.swift; path = OmkarChougule_Demo_PortfolioTests.swift; sourceTree = "<group>"; };
		42ED88052D40A24A008B29E0 /* OmkarChougule_Demo_PortfolioUITests.xctest */ = {isa = PBXFileReference; explicitFileType = wrapper.cfbundle; includeInIndex = 0; path = OmkarChougule_Demo_PortfolioUITests.xctest; sourceTree = BUILT_PRODUCTS_DIR; };
		42ED88092D40A24A008B29E0 /* OmkarChougule_Demo_PortfolioUITests.swift */ = {isa = PBXFileReference; lastKnownFileType = sourcecode.swift; path = OmkarChougule_Demo_PortfolioUITests.swift; sourceTree = "<group>"; };
		42ED880B2D40A24A008B29E0 /* OmkarChougule_Demo_PortfolioUITestsLaunchTests.swift */ = {isa = PBXFileReference; lastKnownFileType = sourcecode.swift; path = OmkarChougule_Demo_PortfolioUITestsLaunchTests.swift; sourceTree = "<group>"; };
/* End PBXFileReference section */

/* Begin PBXFrameworksBuildPhase section */
		42ED87E22D40A247008B29E0 /* Frameworks */ = {
			isa = PBXFrameworksBuildPhase;
			buildActionMask = 2147483647;
			files = (
			);
			runOnlyForDeploymentPostprocessing = 0;
		};
		42ED87F82D40A24A008B29E0 /* Frameworks */ = {
			isa = PBXFrameworksBuildPhase;
			buildActionMask = 2147483647;
			files = (
			);
			runOnlyForDeploymentPostprocessing = 0;
		};
		42ED88022D40A24A008B29E0 /* Frameworks */ = {
			isa = PBXFrameworksBuildPhase;
			buildActionMask = 2147483647;
			files = (
			);
			runOnlyForDeploymentPostprocessing = 0;
		};
/* End PBXFrameworksBuildPhase section */

/* Begin PBXGroup section */
		42ED87DC2D40A247008B29E0 = {
			isa = PBXGroup;
			children = (
				42ED87E72D40A247008B29E0 /* OmkarChougule_Demo_Portfolio */,
				42ED87FE2D40A24A008B29E0 /* OmkarChougule_Demo_PortfolioTests */,
				42ED88082D40A24A008B29E0 /* OmkarChougule_Demo_PortfolioUITests */,
				42ED87E62D40A247008B29E0 /* Products */,
			);
			sourceTree = "<group>";
		};
		42ED87E62D40A247008B29E0 /* Products */ = {
			isa = PBXGroup;
			children = (
				42ED87E52D40A247008B29E0 /* OmkarChougule_Demo_Portfolio.app */,
				42ED87FB2D40A24A008B29E0 /* OmkarChougule_Demo_PortfolioTests.xctest */,
				42ED88052D40A24A008B29E0 /* OmkarChougule_Demo_PortfolioUITests.xctest */,
			);
			name = Products;
			sourceTree = "<group>";
		};
		42ED87E72D40A247008B29E0 /* OmkarChougule_Demo_Portfolio */ = {
			isa = PBXGroup;
			children = (
				42ED87E82D40A247008B29E0 /* AppDelegate.swift */,
				42ED87EA2D40A247008B29E0 /* SceneDelegate.swift */,
				42ED87EC2D40A247008B29E0 /* ViewController.swift */,
				42ED87EE2D40A247008B29E0 /* Main.storyboard */,
				42ED87F12D40A24A008B29E0 /* Assets.xcassets */,
				42ED87F32D40A24A008B29E0 /* LaunchScreen.storyboard */,
				42ED87F62D40A24A008B29E0 /* Info.plist */,
			);
			path = OmkarChougule_Demo_Portfolio;
			sourceTree = "<group>";
		};
		42ED87FE2D40A24A008B29E0 /* OmkarChougule_Demo_PortfolioTests */ = {
			isa = PBXGroup;
			children = (
				42ED87FF2D40A24A008B29E0 /* OmkarChougule_Demo_PortfolioTests.swift */,
			);
			path = OmkarChougule_Demo_PortfolioTests;
			sourceTree = "<group>";
		};
		42ED88082D40A24A008B29E0 /* OmkarChougule_Demo_PortfolioUITests */ = {
			isa = PBXGroup;
			children = (
				42ED88092D40A24A008B29E0 /* OmkarChougule_Demo_PortfolioUITests.swift */,
				42ED880B2D40A24A008B29E0 /* OmkarChougule_Demo_PortfolioUITestsLaunchTests.swift */,
			);
			path = OmkarChougule_Demo_PortfolioUITests;
			sourceTree = "<group>";
		};
/* End PBXGroup section */

/* Begin PBXNativeTarget section */
		42ED87E42D40A247008B29E0 /* OmkarChougule_Demo_Portfolio */ = {
			isa = PBXNativeTarget;
			buildConfigurationList = 42ED880F2D40A24A008B29E0 /* Build configuration list for PBXNativeTarget "OmkarChougule_Demo_Portfolio" */;
			buildPhases = (
				42ED87E12D40A247008B29E0 /* Sources */,
				42ED87E22D40A247008B29E0 /* Frameworks */,
				42ED87E32D40A247008B29E0 /* Resources */,
			);
			buildRules = (
			);
			dependencies = (
			);
			name = OmkarChougule_Demo_Portfolio;
			productName = OmkarChougule_Demo_Portfolio;
			productReference = 42ED87E52D40A247008B29E0 /* OmkarChougule_Demo_Portfolio.app */;
			productType = "com.apple.product-type.application";
		};
		42ED87FA2D40A24A008B29E0 /* OmkarChougule_Demo_PortfolioTests */ = {
			isa = PBXNativeTarget;
			buildConfigurationList = 42ED88122D40A24A008B29E0 /* Build configuration list for PBXNativeTarget "OmkarChougule_Demo_PortfolioTests" */;
			buildPhases = (
				42ED87F72D40A24A008B29E0 /* Sources */,
				42ED87F82D40A24A008B29E0 /* Frameworks */,
				42ED87F92D40A24A008B29E0 /* Resources */,
			);
			buildRules = (
			);
			dependencies = (
				42ED87FD2D40A24A008B29E0 /* PBXTargetDependency */,
			);
			name = OmkarChougule_Demo_PortfolioTests;
			productName = OmkarChougule_Demo_PortfolioTests;
			productReference = 42ED87FB2D40A24A008B29E0 /* OmkarChougule_Demo_PortfolioTests.xctest */;
			productType = "com.apple.product-type.bundle.unit-test";
		};
		42ED88042D40A24A008B29E0 /* OmkarChougule_Demo_PortfolioUITests */ = {
			isa = PBXNativeTarget;
			buildConfigurationList = 42ED88152D40A24A008B29E0 /* Build configuration list for PBXNativeTarget "OmkarChougule_Demo_PortfolioUITests" */;
			buildPhases = (
				42ED88012D40A24A008B29E0 /* Sources */,
				42ED88022D40A24A008B29E0 /* Frameworks */,
				42ED88032D40A24A008B29E0 /* Resources */,
			);
			buildRules = (
			);
			dependencies = (
				42ED88072D40A24A008B29E0 /* PBXTargetDependency */,
			);
			name = OmkarChougule_Demo_PortfolioUITests;
			productName = OmkarChougule_Demo_PortfolioUITests;
			productReference = 42ED88052D40A24A008B29E0 /* OmkarChougule_Demo_PortfolioUITests.xctest */;
			productType = "com.apple.product-type.bundle.ui-testing";
		};
/* End PBXNativeTarget section */

/* Begin PBXProject section */
		42ED87DD2D40A247008B29E0 /* Project object */ = {
			isa = PBXProject;
			attributes = {
				BuildIndependentTargetsInParallel = 1;
				LastSwiftUpdateCheck = 1500;
				LastUpgradeCheck = 1500;
				TargetAttributes = {
					42ED87E42D40A247008B29E0 = {
						CreatedOnToolsVersion = 15.0.1;
					};
					42ED87FA2D40A24A008B29E0 = {
						CreatedOnToolsVersion = 15.0.1;
						TestTargetID = 42ED87E42D40A247008B29E0;
					};
					42ED88042D40A24A008B29E0 = {
						CreatedOnToolsVersion = 15.0.1;
						TestTargetID = 42ED87E42D40A247008B29E0;
					};
				};
			};
			buildConfigurationList = 42ED87E02D40A247008B29E0 /* Build configuration list for PBXProject "OmkarChougule_Demo_Portfolio" */;
			compatibilityVersion = "Xcode 14.0";
			developmentRegion = en;
			hasScannedForEncodings = 0;
			knownRegions = (
				en,
				Base,
			);
			mainGroup = 42ED87DC2D40A247008B29E0;
			productRefGroup = 42ED87E62D40A247008B29E0 /* Products */;
			projectDirPath = "";
			projectRoot = "";
			targets = (
				42ED87E42D40A247008B29E0 /* OmkarChougule_Demo_Portfolio */,
				42ED87FA2D40A24A008B29E0 /* OmkarChougule_Demo_PortfolioTests */,
				42ED88042D40A24A008B29E0 /* OmkarChougule_Demo_PortfolioUITests */,
			);
		};
/* End PBXProject section */

/* Begin PBXResourcesBuildPhase section */
		42ED87E32D40A247008B29E0 /* Resources */ = {
			isa = PBXResourcesBuildPhase;
			buildActionMask = 2147483647;
			files = (
				42ED87F52D40A24A008B29E0 /* LaunchScreen.storyboard in Resources */,
				42ED87F22D40A24A008B29E0 /* Assets.xcassets in Resources */,
				42ED87F02D40A247008B29E0 /* Main.storyboard in Resources */,
			);
			runOnlyForDeploymentPostprocessing = 0;
		};
		42ED87F92D40A24A008B29E0 /* Resources */ = {
			isa = PBXResourcesBuildPhase;
			buildActionMask = 2147483647;
			files = (
			);
			runOnlyForDeploymentPostprocessing = 0;
		};
		42ED88032D40A24A008B29E0 /* Resources */ = {
			isa = PBXResourcesBuildPhase;
			buildActionMask = 2147483647;
			files = (
			);
			runOnlyForDeploymentPostprocessing = 0;
		};
/* End PBXResourcesBuildPhase section */

/* Begin PBXSourcesBuildPhase section */
		42ED87E12D40A247008B29E0 /* Sources */ = {
			isa = PBXSourcesBuildPhase;
			buildActionMask = 2147483647;
			files = (
				42ED87ED2D40A247008B29E0 /* ViewController.swift in Sources */,
				42ED87E92D40A247008B29E0 /* AppDelegate.swift in Sources */,
				42ED87EB2D40A247008B29E0 /* SceneDelegate.swift in Sources */,
			);
			runOnlyForDeploymentPostprocessing = 0;
		};
		42ED87F72D40A24A008B29E0 /* Sources */ = {
			isa = PBXSourcesBuildPhase;
			buildActionMask = 2147483647;
			files = (
				42ED88002D40A24A008B29E0 /* OmkarChougule_Demo_PortfolioTests.swift in Sources */,
			);
			runOnlyForDeploymentPostprocessing = 0;
		};
		42ED88012D40A24A008B29E0 /* Sources */ = {
			isa = PBXSourcesBuildPhase;
			buildActionMask = 2147483647;
			files = (
				42ED880A2D40A24A008B29E0 /* OmkarChougule_Demo_PortfolioUITests.swift in Sources */,
				42ED880C2D40A24A008B29E0 /* OmkarChougule_Demo_PortfolioUITestsLaunchTests.swift in Sources */,
			);
			runOnlyForDeploymentPostprocessing = 0;
		};
/* End PBXSourcesBuildPhase section */

/* Begin PBXTargetDependency section */
		42ED87FD2D40A24A008B29E0 /* PBXTargetDependency */ = {
			isa = PBXTargetDependency;
			target = 42ED87E42D40A247008B29E0 /* OmkarChougule_Demo_Portfolio */;
			targetProxy = 42ED87FC2D40A24A008B29E0 /* PBXContainerItemProxy */;
		};
		42ED88072D40A24A008B29E0 /* PBXTargetDependency */ = {
			isa = PBXTargetDependency;
			target = 42ED87E42D40A247008B29E0 /* OmkarChougule_Demo_Portfolio */;
			targetProxy = 42ED88062D40A24A008B29E0 /* PBXContainerItemProxy */;
		};
/* End PBXTargetDependency section */

/* Begin PBXVariantGroup section */
		42ED87EE2D40A247008B29E0 /* Main.storyboard */ = {
			isa = PBXVariantGroup;
			children = (
				42ED87EF2D40A247008B29E0 /* Base */,
			);
			name = Main.storyboard;
			sourceTree = "<group>";
		};
		42ED87F32D40A24A008B29E0 /* LaunchScreen.storyboard */ = {
			isa = PBXVariantGroup;
			children = (
				42ED87F42D40A24A008B29E0 /* Base */,
			);
			name = LaunchScreen.storyboard;
			sourceTree = "<group>";
		};
/* End PBXVariantGroup section */

/* Begin XCBuildConfiguration section */
		42ED880D2D40A24A008B29E0 /* Debug */ = {
			isa = XCBuildConfiguration;
			buildSettings = {
				ALWAYS_SEARCH_USER_PATHS = NO;
				ASSETCATALOG_COMPILER_GENERATE_SWIFT_ASSET_SYMBOL_EXTENSIONS = YES;
				CLANG_ANALYZER_NONNULL = YES;
				CLANG_ANALYZER_NUMBER_OBJECT_CONVERSION = YES_AGGRESSIVE;
				CLANG_CXX_LANGUAGE_STANDARD = "gnu++20";
				CLANG_ENABLE_MODULES = YES;
				CLANG_ENABLE_OBJC_ARC = YES;
				CLANG_ENABLE_OBJC_WEAK = YES;
				CLANG_WARN_BLOCK_CAPTURE_AUTORELEASING = YES;
				CLANG_WARN_BOOL_CONVERSION = YES;
				CLANG_WARN_COMMA = YES;
				CLANG_WARN_CONSTANT_CONVERSION = YES;
				CLANG_WARN_DEPRECATED_OBJC_IMPLEMENTATIONS = YES;
				CLANG_WARN_DIRECT_OBJC_ISA_USAGE = YES_ERROR;
				CLANG_WARN_DOCUMENTATION_COMMENTS = YES;
				CLANG_WARN_EMPTY_BODY = YES;
				CLANG_WARN_ENUM_CONVERSION = YES;
				CLANG_WARN_INFINITE_RECURSION = YES;
				CLANG_WARN_INT_CONVERSION = YES;
				CLANG_WARN_NON_LITERAL_NULL_CONVERSION = YES;
				CLANG_WARN_OBJC_IMPLICIT_RETAIN_SELF = YES;
				CLANG_WARN_OBJC_LITERAL_CONVERSION = YES;
				CLANG_WARN_OBJC_ROOT_CLASS = YES_ERROR;
				CLANG_WARN_QUOTED_INCLUDE_IN_FRAMEWORK_HEADER = YES;
				CLANG_WARN_RANGE_LOOP_ANALYSIS = YES;
				CLANG_WARN_STRICT_PROTOTYPES = YES;
				CLANG_WARN_SUSPICIOUS_MOVE = YES;
				CLANG_WARN_UNGUARDED_AVAILABILITY = YES_AGGRESSIVE;
				CLANG_WARN_UNREACHABLE_CODE = YES;
				CLANG_WARN__DUPLICATE_METHOD_MATCH = YES;
				COPY_PHASE_STRIP = NO;
				DEBUG_INFORMATION_FORMAT = dwarf;
				ENABLE_STRICT_OBJC_MSGSEND = YES;
				ENABLE_TESTABILITY = YES;
				ENABLE_USER_SCRIPT_SANDBOXING = YES;
				GCC_C_LANGUAGE_STANDARD = gnu17;
				GCC_DYNAMIC_NO_PIC = NO;
				GCC_NO_COMMON_BLOCKS = YES;
				GCC_OPTIMIZATION_LEVEL = 0;
				GCC_PREPROCESSOR_DEFINITIONS = (
					"DEBUG=1",
					"$(inherited)",
				);
				GCC_WARN_64_TO_32_BIT_CONVERSION = YES;
				GCC_WARN_ABOUT_RETURN_TYPE = YES_ERROR;
				GCC_WARN_UNDECLARED_SELECTOR = YES;
				GCC_WARN_UNINITIALIZED_AUTOS = YES_AGGRESSIVE;
				GCC_WARN_UNUSED_FUNCTION = YES;
				GCC_WARN_UNUSED_VARIABLE = YES;
				IPHONEOS_DEPLOYMENT_TARGET = 17.0;
				LOCALIZATION_PREFERS_STRING_CATALOGS = YES;
				MTL_ENABLE_DEBUG_INFO = INCLUDE_SOURCE;
				MTL_FAST_MATH = YES;
				ONLY_ACTIVE_ARCH = YES;
				SDKROOT = iphoneos;
				SWIFT_ACTIVE_COMPILATION_CONDITIONS = "DEBUG $(inherited)";
				SWIFT_OPTIMIZATION_LEVEL = "-Onone";
			};
			name = Debug;
		};
		42ED880E2D40A24A008B29E0 /* Release */ = {
			isa = XCBuildConfiguration;
			buildSettings = {
				ALWAYS_SEARCH_USER_PATHS = NO;
				ASSETCATALOG_COMPILER_GENERATE_SWIFT_ASSET_SYMBOL_EXTENSIONS = YES;
				CLANG_ANALYZER_NONNULL = YES;
				CLANG_ANALYZER_NUMBER_OBJECT_CONVERSION = YES_AGGRESSIVE;
				CLANG_CXX_LANGUAGE_STANDARD = "gnu++20";
				CLANG_ENABLE_MODULES = YES;
				CLANG_ENABLE_OBJC_ARC = YES;
				CLANG_ENABLE_OBJC_WEAK = YES;
				CLANG_WARN_BLOCK_CAPTURE_AUTORELEASING = YES;
				CLANG_WARN_BOOL_CONVERSION = YES;
				CLANG_WARN_COMMA = YES;
				CLANG_WARN_CONSTANT_CONVERSION = YES;
				CLANG_WARN_DEPRECATED_OBJC_IMPLEMENTATIONS = YES;
				CLANG_WARN_DIRECT_OBJC_ISA_USAGE = YES_ERROR;
				CLANG_WARN_DOCUMENTATION_COMMENTS = YES;
				CLANG_WARN_EMPTY_BODY = YES;
				CLANG_WARN_ENUM_CONVERSION = YES;
				CLANG_WARN_INFINITE_RECURSION = YES;
				CLANG_WARN_INT_CONVERSION = YES;
				CLANG_WARN_NON_LITERAL_NULL_CONVERSION = YES;
				CLANG_WARN_OBJC_IMPLICIT_RETAIN_SELF = YES;
				CLANG_WARN_OBJC_LITERAL_CONVERSION = YES;
				CLANG_WARN_OBJC_ROOT_CLASS = YES_ERROR;
				CLANG_WARN_QUOTED_INCLUDE_IN_FRAMEWORK_HEADER = YES;
				CLANG_WARN_RANGE_LOOP_ANALYSIS = YES;
				CLANG_WARN_STRICT_PROTOTYPES = YES;
				CLANG_WARN_SUSPICIOUS_MOVE = YES;
				CLANG_WARN_UNGUARDED_AVAILABILITY = YES_AGGRESSIVE;
				CLANG_WARN_UNREACHABLE_CODE = YES;
				CLANG_WARN__DUPLICATE_METHOD_MATCH = YES;
				COPY_PHASE_STRIP = NO;
				DEBUG_INFORMATION_FORMAT = "dwarf-with-dsym";
				ENABLE_NS_ASSERTIONS = NO;
				ENABLE_STRICT_OBJC_MSGSEND = YES;
				ENABLE_USER_SCRIPT_SANDBOXING = YES;
				GCC_C_LANGUAGE_STANDARD = gnu17;
				GCC_NO_COMMON_BLOCKS = YES;
				GCC_WARN_64_TO_32_BIT_CONVERSION = YES;
				GCC_WARN_ABOUT_RETURN_TYPE = YES_ERROR;
				GCC_WARN_UNDECLARED_SELECTOR = YES;
				GCC_WARN_UNINITIALIZED_AUTOS = YES_AGGRESSIVE;
				GCC_WARN_UNUSED_FUNCTION = YES;
				GCC_WARN_UNUSED_VARIABLE = YES;
				IPHONEOS_DEPLOYMENT_TARGET = 17.0;
				LOCALIZATION_PREFERS_STRING_CATALOGS = YES;
				MTL_ENABLE_DEBUG_INFO = NO;
				MTL_FAST_MATH = YES;
				SDKROOT = iphoneos;
				SWIFT_COMPILATION_MODE = wholemodule;
				VALIDATE_PRODUCT = YES;
			};
			name = Release;
		};
		42ED88102D40A24A008B29E0 /* Debug */ = {
			isa = XCBuildConfiguration;
			buildSettings = {
				ASSETCATALOG_COMPILER_APPICON_NAME = AppIcon;
				ASSETCATALOG_COMPILER_GLOBAL_ACCENT_COLOR_NAME = AccentColor;
				CODE_SIGN_STYLE = Automatic;
				CURRENT_PROJECT_VERSION = 1;
				DEVELOPMENT_TEAM = UCC8882MA3;
				GENERATE_INFOPLIST_FILE = YES;
				INFOPLIST_FILE = OmkarChougule_Demo_Portfolio/Info.plist;
				INFOPLIST_KEY_UIApplicationSupportsIndirectInputEvents = YES;
				INFOPLIST_KEY_UILaunchStoryboardName = LaunchScreen;
				INFOPLIST_KEY_UIMainStoryboardFile = Main;
				INFOPLIST_KEY_UISupportedInterfaceOrientations_iPad = "UIInterfaceOrientationPortrait UIInterfaceOrientationPortraitUpsideDown UIInterfaceOrientationLandscapeLeft UIInterfaceOrientationLandscapeRight";
				INFOPLIST_KEY_UISupportedInterfaceOrientations_iPhone = "UIInterfaceOrientationPortrait UIInterfaceOrientationLandscapeLeft UIInterfaceOrientationLandscapeRight";
				LD_RUNPATH_SEARCH_PATHS = (
					"$(inherited)",
					"@executable_path/Frameworks",
				);
				MARKETING_VERSION = 1.0;
				PRODUCT_BUNDLE_IDENTIFIER = "Image.OmkarChougule-Demo-Portfolio";
				PRODUCT_NAME = "$(TARGET_NAME)";
				SWIFT_EMIT_LOC_STRINGS = YES;
				SWIFT_VERSION = 5.0;
				TARGETED_DEVICE_FAMILY = "1,2";
			};
			name = Debug;
		};
		42ED88112D40A24A008B29E0 /* Release */ = {
			isa = XCBuildConfiguration;
			buildSettings = {
				ASSETCATALOG_COMPILER_APPICON_NAME = AppIcon;
				ASSETCATALOG_COMPILER_GLOBAL_ACCENT_COLOR_NAME = AccentColor;
				CODE_SIGN_STYLE = Automatic;
				CURRENT_PROJECT_VERSION = 1;
				DEVELOPMENT_TEAM = UCC8882MA3;
				GENERATE_INFOPLIST_FILE = YES;
				INFOPLIST_FILE = OmkarChougule_Demo_Portfolio/Info.plist;
				INFOPLIST_KEY_UIApplicationSupportsIndirectInputEvents = YES;
				INFOPLIST_KEY_UILaunchStoryboardName = LaunchScreen;
				INFOPLIST_KEY_UIMainStoryboardFile = Main;
				INFOPLIST_KEY_UISupportedInterfaceOrientations_iPad = "UIInterfaceOrientationPortrait UIInterfaceOrientationPortraitUpsideDown UIInterfaceOrientationLandscapeLeft UIInterfaceOrientationLandscapeRight";
				INFOPLIST_KEY_UISupportedInterfaceOrientations_iPhone = "UIInterfaceOrientationPortrait UIInterfaceOrientationLandscapeLeft UIInterfaceOrientationLandscapeRight";
				LD_RUNPATH_SEARCH_PATHS = (
					"$(inherited)",
					"@executable_path/Frameworks",
				);
				MARKETING_VERSION = 1.0;
				PRODUCT_BUNDLE_IDENTIFIER = "Image.OmkarChougule-Demo-Portfolio";
				PRODUCT_NAME = "$(TARGET_NAME)";
				SWIFT_EMIT_LOC_STRINGS = YES;
				SWIFT_VERSION = 5.0;
				TARGETED_DEVICE_FAMILY = "1,2";
			};
			name = Release;
		};
		42ED88132D40A24A008B29E0 /* Debug */ = {
			isa = XCBuildConfiguration;
			buildSettings = {
				ALWAYS_EMBED_SWIFT_STANDARD_LIBRARIES = YES;
				BUNDLE_LOADER = "$(TEST_HOST)";
				CODE_SIGN_STYLE = Automatic;
				CURRENT_PROJECT_VERSION = 1;
				DEVELOPMENT_TEAM = UCC8882MA3;
				GENERATE_INFOPLIST_FILE = YES;
				IPHONEOS_DEPLOYMENT_TARGET = 17.0;
				MARKETING_VERSION = 1.0;
				PRODUCT_BUNDLE_IDENTIFIER = "Image.OmkarChougule-Demo-PortfolioTests";
				PRODUCT_NAME = "$(TARGET_NAME)";
				SWIFT_EMIT_LOC_STRINGS = NO;
				SWIFT_VERSION = 5.0;
				TARGETED_DEVICE_FAMILY = "1,2";
				TEST_HOST = "$(BUILT_PRODUCTS_DIR)/OmkarChougule_Demo_Portfolio.app/$(BUNDLE_EXECUTABLE_FOLDER_PATH)/OmkarChougule_Demo_Portfolio";
			};
			name = Debug;
		};
		42ED88142D40A24A008B29E0 /* Release */ = {
			isa = XCBuildConfiguration;
			buildSettings = {
				ALWAYS_EMBED_SWIFT_STANDARD_LIBRARIES = YES;
				BUNDLE_LOADER = "$(TEST_HOST)";
				CODE_SIGN_STYLE = Automatic;
				CURRENT_PROJECT_VERSION = 1;
				DEVELOPMENT_TEAM = UCC8882MA3;
				GENERATE_INFOPLIST_FILE = YES;
				IPHONEOS_DEPLOYMENT_TARGET = 17.0;
				MARKETING_VERSION = 1.0;
				PRODUCT_BUNDLE_IDENTIFIER = "Image.OmkarChougule-Demo-PortfolioTests";
				PRODUCT_NAME = "$(TARGET_NAME)";
				SWIFT_EMIT_LOC_STRINGS = NO;
				SWIFT_VERSION = 5.0;
				TARGETED_DEVICE_FAMILY = "1,2";
				TEST_HOST = "$(BUILT_PRODUCTS_DIR)/OmkarChougule_Demo_Portfolio.app/$(BUNDLE_EXECUTABLE_FOLDER_PATH)/OmkarChougule_Demo_Portfolio";
			};
			name = Release;
		};
		42ED88162D40A24A008B29E0 /* Debug */ = {
			isa = XCBuildConfiguration;
			buildSettings = {
				ALWAYS_EMBED_SWIFT_STANDARD_LIBRARIES = YES;
				CODE_SIGN_STYLE = Automatic;
				CURRENT_PROJECT_VERSION = 1;
				DEVELOPMENT_TEAM = UCC8882MA3;
				GENERATE_INFOPLIST_FILE = YES;
				MARKETING_VERSION = 1.0;
				PRODUCT_BUNDLE_IDENTIFIER = "Image.OmkarChougule-Demo-PortfolioUITests";
				PRODUCT_NAME = "$(TARGET_NAME)";
				SWIFT_EMIT_LOC_STRINGS = NO;
				SWIFT_VERSION = 5.0;
				TARGETED_DEVICE_FAMILY = "1,2";
				TEST_TARGET_NAME = OmkarChougule_Demo_Portfolio;
			};
			name = Debug;
		};
		42ED88172D40A24A008B29E0 /* Release */ = {
			isa = XCBuildConfiguration;
			buildSettings = {
				ALWAYS_EMBED_SWIFT_STANDARD_LIBRARIES = YES;
				CODE_SIGN_STYLE = Automatic;
				CURRENT_PROJECT_VERSION = 1;
				DEVELOPMENT_TEAM = UCC8882MA3;
				GENERATE_INFOPLIST_FILE = YES;
				MARKETING_VERSION = 1.0;
				PRODUCT_BUNDLE_IDENTIFIER = "Image.OmkarChougule-Demo-PortfolioUITests";
				PRODUCT_NAME = "$(TARGET_NAME)";
				SWIFT_EMIT_LOC_STRINGS = NO;
				SWIFT_VERSION = 5.0;
				TARGETED_DEVICE_FAMILY = "1,2";
				TEST_TARGET_NAME = OmkarChougule_Demo_Portfolio;
			};
			name = Release;
		};
/* End XCBuildConfiguration section */

/* Begin XCConfigurationList section */
		42ED87E02D40A247008B29E0 /* Build configuration list for PBXProject "OmkarChougule_Demo_Portfolio" */ = {
			isa = XCConfigurationList;
			buildConfigurations = (
				42ED880D2D40A24A008B29E0 /* Debug */,
				42ED880E2D40A24A008B29E0 /* Release */,
			);
			defaultConfigurationIsVisible = 0;
			defaultConfigurationName = Release;
		};
		42ED880F2D40A24A008B29E0 /* Build configuration list for PBXNativeTarget "OmkarChougule_Demo_Portfolio" */ = {
			isa = XCConfigurationList;
			buildConfigurations = (
				42ED88102D40A24A008B29E0 /* Debug */,
				42ED88112D40A24A008B29E0 /* Release */,
			);
			defaultConfigurationIsVisible = 0;
			defaultConfigurationName = Release;
		};
		42ED88122D40A24A008B29E0 /* Build configuration list for PBXNativeTarget "OmkarChougule_Demo_PortfolioTests" */ = {
			isa = XCConfigurationList;
			buildConfigurations = (
				42ED88132D40A24A008B29E0 /* Debug */,
				42ED88142D40A24A008B29E0 /* Release */,
			);
			defaultConfigurationIsVisible = 0;
			defaultConfigurationName = Release;
		};
		42ED88152D40A24A008B29E0 /* Build configuration list for PBXNativeTarget "OmkarChougule_Demo_PortfolioUITests" */ = {
			isa = XCConfigurationList;
			buildConfigurations = (
				42ED88162D40A24A008B29E0 /* Debug */,
				42ED88172D40A24A008B29E0 /* Release */,
			);
			defaultConfigurationIsVisible = 0;
			defaultConfigurationName = Release;
		};
/* End XCConfigurationList section */
	};
	rootObject = 42ED87DD2D40A247008B29E0 /* Project object */;
}
